<?xml version="1.0" encoding="utf-8"?>
<Project ToolsVersion="4.0" xmlns="http://schemas.microsoft.com/developer/msbuild/2003">
  <ItemGroup>
    <ClCompile Include="pch.cpp" />
    <ClCompile Include="WorldServer.cpp" />
    <ClCompile Include="Network\world_server.cpp">
      <Filter>Network</Filter>
    </ClCompile>
    <ClCompile Include="Network\world_client_session.cpp">
      <Filter>Network</Filter>
    </ClCompile>
    <ClCompile Include="Network\PacketHandlerManager\world_packet_handler_manager.cpp">
      <Filter>Network\PacketHandlerManager</Filter>
    </ClCompile>
    <ClCompile Include="PacketHandlers\login_handler.cpp">
      <Filter>PacketHandlers</Filter>
    </ClCompile>
    <ClCompile Include="Field\Character\character.cpp">
      <Filter>Field\Character</Filter>
    </ClCompile>
    <ClCompile Include="Field\Map\map_factory.cpp">
      <Filter>Field\Map</Filter>
    </ClCompile>
    <ClCompile Include="Field\Map\map.cpp">
      <Filter>Field\Map</Filter>
    </ClCompile>
    <ClCompile Include="PacketHandlers\move_player_handler.cpp">
      <Filter>PacketHandlers</Filter>
    </ClCompile>
    <ClCompile Include="Field\Character\MoveParse\move_parse_recv.cpp">
      <Filter>Field\Character\MoveParse</Filter>
    </ClCompile>
  </ItemGroup>
  <ItemGroup>
    <ClInclude Include="pch.h" />
    <ClInclude Include="Network\world_server.h">
      <Filter>Network</Filter>
    </ClInclude>
    <ClInclude Include="Network\world_client_session.h">
      <Filter>Network</Filter>
    </ClInclude>
    <ClInclude Include="Network\PacketHandlerManager\world_packet_handler_manager.h">
      <Filter>Network\PacketHandlerManager</Filter>
    </ClInclude>
    <ClInclude Include="PacketHandlers\login_handler.h">
      <Filter>PacketHandlers</Filter>
    </ClInclude>
    <ClInclude Include="Network\PacketHandlerManager\packet_handler.h">
      <Filter>Network\PacketHandlerManager</Filter>
    </ClInclude>
    <ClInclude Include="Field\Character\character.h">
      <Filter>Field\Character</Filter>
    </ClInclude>
    <ClInclude Include="Field\Map\map_factory.h">
      <Filter>Field\Map</Filter>
    </ClInclude>
    <ClInclude Include="Field\Map\map.h">
      <Filter>Field\Map</Filter>
    </ClInclude>
    <ClInclude Include="PacketHandlers\move_player_handler.h">
      <Filter>PacketHandlers</Filter>
    </ClInclude>
    <ClInclude Include="Field\Character\MoveParse\move_parse_recv.h">
      <Filter>Field\Character\MoveParse</Filter>
    </ClInclude>
  </ItemGroup>
  <ItemGroup>
    <Filter Include="Network">
      <UniqueIdentifier>{8bfe98f5-ca7f-4a89-b85d-5aad2c49c654}</UniqueIdentifier>
    </Filter>
    <Filter Include="Network\PacketHandlerManager">
      <UniqueIdentifier>{fadc8f3a-dced-448c-af10-c6937a73cd47}</UniqueIdentifier>
    </Filter>
    <Filter Include="PacketHandlers">
      <UniqueIdentifier>{7340f217-4dcf-4151-848f-a4aa2f5265a6}</UniqueIdentifier>
    </Filter>
    <Filter Include="Field">
      <UniqueIdentifier>{277e22a3-29fe-4569-b255-5f59debb219b}</UniqueIdentifier>
    </Filter>
    <Filter Include="Field\Character">
      <UniqueIdentifier>{05748d02-f519-4a8f-8581-81a0690ee4af}</UniqueIdentifier>
    </Filter>
    <Filter Include="Field\Map">
      <UniqueIdentifier>{8dcb2ba9-f728-46aa-8420-b8662004ad9f}</UniqueIdentifier>
    </Filter>
    <Filter Include="Field\Character\MoveParse">
      <UniqueIdentifier>{cbb4a978-917c-4b33-825a-8ef5a858091b}</UniqueIdentifier>
    </Filter>
  </ItemGroup>
</Project>