<?xml version="1.0" encoding="utf-8"?>
<Project ToolsVersion="4.0" xmlns="http://schemas.microsoft.com/developer/msbuild/2003">
  <ItemGroup>
    <Filter Include="Utility">
      <UniqueIdentifier>{6761edb5-c18d-467f-99c4-fbeaaa26b141}</UniqueIdentifier>
    </Filter>
    <Filter Include="Managers">
      <UniqueIdentifier>{3b81750e-e1cf-42b2-a864-efc50ec31d35}</UniqueIdentifier>
    </Filter>
    <Filter Include="Managers\CollisionManager">
      <UniqueIdentifier>{29bad0b2-5fc9-4684-af14-571654b74c3c}</UniqueIdentifier>
    </Filter>
    <Filter Include="Managers\BitmapManager">
      <UniqueIdentifier>{57bce13b-1d79-4bec-8237-4f29eb87f122}</UniqueIdentifier>
    </Filter>
  </ItemGroup>
  <ItemGroup>
    <ClCompile Include="Utility\string_tools.cpp">
      <Filter>Utility</Filter>
    </ClCompile>
    <ClCompile Include="Utility\file_manager.cpp">
      <Filter>Utility</Filter>
    </ClCompile>
    <ClCompile Include="Managers\CollisionManager\Collision_Manager.cpp">
      <Filter>Managers\CollisionManager</Filter>
    </ClCompile>
    <ClCompile Include="Managers\BitmapManager\my_btimap.cpp">
      <Filter>Managers\BitmapManager</Filter>
    </ClCompile>
  </ItemGroup>
  <ItemGroup>
    <ClInclude Include="Utility\string_tools.h">
      <Filter>Utility</Filter>
    </ClInclude>
    <ClInclude Include="Utility\file_manager.h">
      <Filter>Utility</Filter>
    </ClInclude>
    <ClInclude Include="Managers\CollisionManager\Collision_Manager.h">
      <Filter>Managers\CollisionManager</Filter>
    </ClInclude>
    <ClInclude Include="Managers\BitmapManager\my_bitmap.h">
      <Filter>Managers\BitmapManager</Filter>
    </ClInclude>
  </ItemGroup>
</Project>