<?xml version="1.0" encoding="utf-8"?>
<Project ToolsVersion="4.0" xmlns="http://schemas.microsoft.com/developer/msbuild/2003">
  <ItemGroup>
    <Filter Include="리소스 파일">
      <UniqueIdentifier>{67DA6AB6-F800-4c08-8B7A-83BB121AAD01}</UniqueIdentifier>
      <Extensions>rc;ico;cur;bmp;dlg;rc2;rct;bin;rgs;gif;jpg;jpeg;jpe;resx;tiff;tif;png;wav;mfcribbon-ms</Extensions>
    </Filter>
    <Filter Include="MainGame">
      <UniqueIdentifier>{559245c8-e057-487f-a0ae-ed8c30cb5188}</UniqueIdentifier>
    </Filter>
    <Filter Include="Managers">
      <UniqueIdentifier>{62e8cabf-a15a-4e3f-8ad2-360482d9db3f}</UniqueIdentifier>
    </Filter>
    <Filter Include="Components">
      <UniqueIdentifier>{5c44c6f6-9452-47c4-a9cf-dc88ecaabeeb}</UniqueIdentifier>
    </Filter>
    <Filter Include="PublicHeader">
      <UniqueIdentifier>{25c7a9db-9116-48ae-8539-80df9d34ac0b}</UniqueIdentifier>
    </Filter>
    <Filter Include="Main">
      <UniqueIdentifier>{f7a1755b-e351-46b6-a122-a560db092044}</UniqueIdentifier>
    </Filter>
    <Filter Include="Managers\Skins">
      <UniqueIdentifier>{d97bfbff-6eac-47c5-9753-8deef7df0673}</UniqueIdentifier>
    </Filter>
    <Filter Include="Components\Base">
      <UniqueIdentifier>{9b400fe5-7f8b-4fe5-849a-d7104d6a3ce9}</UniqueIdentifier>
    </Filter>
    <Filter Include="Managers\KeyManager">
      <UniqueIdentifier>{1c5394ad-6dc7-4709-85b5-7e71616f4b59}</UniqueIdentifier>
    </Filter>
    <Filter Include="Managers\ScrollManager">
      <UniqueIdentifier>{e79dc335-e164-42b5-80c6-d773288decb9}</UniqueIdentifier>
    </Filter>
    <Filter Include="Components\MapObject">
      <UniqueIdentifier>{ccc44f16-506e-4db2-bdbc-ac0a6bd158ec}</UniqueIdentifier>
    </Filter>
    <Filter Include="Utility">
      <UniqueIdentifier>{b25567e9-5141-4b5a-922c-836777416b4a}</UniqueIdentifier>
    </Filter>
    <Filter Include="Managers\MapManager">
      <UniqueIdentifier>{b740a3f5-1687-4830-9686-092651cb1a8e}</UniqueIdentifier>
    </Filter>
    <Filter Include="Managers\SceneManager">
      <UniqueIdentifier>{cbe749a1-1d85-47c0-a2d7-439f73271813}</UniqueIdentifier>
    </Filter>
    <Filter Include="Managers\SceneManager\LoadingScene">
      <UniqueIdentifier>{9fa7cd2c-a036-466d-9fbf-587cea8701b9}</UniqueIdentifier>
    </Filter>
    <Filter Include="Managers\SceneManager\LoginUiScene">
      <UniqueIdentifier>{a798b101-b6e5-47f1-8794-3bd275351119}</UniqueIdentifier>
    </Filter>
    <Filter Include="Managers\SceneManager\InGameScene">
      <UniqueIdentifier>{2e28a9c7-1841-4f26-a6ba-82b7db1accf2}</UniqueIdentifier>
    </Filter>
    <Filter Include="Managers\UiManager">
      <UniqueIdentifier>{aaa0c587-dba8-4d82-aa49-0fe1b298a1d0}</UniqueIdentifier>
    </Filter>
    <Filter Include="Managers\MonsterManager">
      <UniqueIdentifier>{2210b790-f69f-403e-90ba-015825be84a8}</UniqueIdentifier>
    </Filter>
    <Filter Include="Managers\EffectManager">
      <UniqueIdentifier>{e03648d7-fa60-4fc6-a504-46ebc2fe73aa}</UniqueIdentifier>
    </Filter>
    <Filter Include="Components\MapObject\Player">
      <UniqueIdentifier>{d95853bf-9f51-41a7-ad92-036486838819}</UniqueIdentifier>
    </Filter>
    <Filter Include="Components\MapObject\Player\Damage">
      <UniqueIdentifier>{3c04bafa-2cae-40d1-bfd9-dd84bf12335e}</UniqueIdentifier>
    </Filter>
    <Filter Include="Components\MapObject\Monster">
      <UniqueIdentifier>{dcea4126-f785-4e77-ad27-57f04c368e71}</UniqueIdentifier>
    </Filter>
    <Filter Include="Components\MapObject\Monster\AiMovement">
      <UniqueIdentifier>{a7e206f1-a62a-456f-a84e-dbd4dadaf54d}</UniqueIdentifier>
    </Filter>
    <Filter Include="Managers\MapManager\Map">
      <UniqueIdentifier>{3fb389f7-266e-45b2-a61b-cac6a93a1444}</UniqueIdentifier>
    </Filter>
    <Filter Include="Managers\UiManager\Skill">
      <UniqueIdentifier>{d8aac49e-744b-4b19-ac5c-0066c7ed2569}</UniqueIdentifier>
    </Filter>
    <Filter Include="Managers\SkillManager">
      <UniqueIdentifier>{a89479b0-e974-48ff-852c-49f7b9949a4a}</UniqueIdentifier>
    </Filter>
    <Filter Include="Managers\SkillManager\Skill">
      <UniqueIdentifier>{cee093c6-543c-4b9a-97ba-20d3ea0bb684}</UniqueIdentifier>
    </Filter>
    <Filter Include="Managers\UiManager\UiScroll">
      <UniqueIdentifier>{a1d34824-72d1-4d2e-8dbd-006708a67b1c}</UniqueIdentifier>
    </Filter>
    <Filter Include="Managers\UiManager\QuickSlot">
      <UniqueIdentifier>{d06bdb91-833a-48ab-89c8-69bd7d8fb893}</UniqueIdentifier>
    </Filter>
    <Filter Include="Components\MapObject\Player\MagicAttack">
      <UniqueIdentifier>{fd3d4e78-2ff5-43d4-9a87-7de23ebe4d63}</UniqueIdentifier>
    </Filter>
    <Filter Include="Components\MapObject\Monster\AttackInfo">
      <UniqueIdentifier>{ac31584e-e07f-4e2e-bca6-702c3734fd5e}</UniqueIdentifier>
    </Filter>
    <Filter Include="Components\MapObject\Monster\MonsterUtility">
      <UniqueIdentifier>{1d0bb53a-273c-4e05-86e5-923609eefd38}</UniqueIdentifier>
    </Filter>
    <Filter Include="Managers\UiManager\Inventory">
      <UniqueIdentifier>{8a3df242-ea7e-45e9-8eab-9e48a04a2fec}</UniqueIdentifier>
    </Filter>
    <Filter Include="Managers\UiManager\Base">
      <UniqueIdentifier>{351632e0-6b81-443f-b4e4-67bdb3454309}</UniqueIdentifier>
    </Filter>
    <Filter Include="Components\MapObject\Player\Inventory">
      <UniqueIdentifier>{1e2548b1-7b96-4d85-bf23-43640886b00c}</UniqueIdentifier>
    </Filter>
    <Filter Include="Components\MapObject\Item">
      <UniqueIdentifier>{0ab92242-46f8-4f53-a4c4-e9d555d99ef1}</UniqueIdentifier>
    </Filter>
    <Filter Include="Managers\ItemManager">
      <UniqueIdentifier>{2f61bdd9-1ce4-48c4-8f15-088a5f2cf859}</UniqueIdentifier>
    </Filter>
    <Filter Include="Managers\UiManager\Equip">
      <UniqueIdentifier>{998a62bf-06d8-4b0f-9ac6-9cb66057e1a8}</UniqueIdentifier>
    </Filter>
    <Filter Include="Components\MapObject\Player\Equip">
      <UniqueIdentifier>{bba81ba0-3c3c-466d-93a7-622a4a369028}</UniqueIdentifier>
    </Filter>
    <Filter Include="Managers\UiManager\ToolTipUi">
      <UniqueIdentifier>{1e2ec327-a410-4800-a717-66ec2926a92a}</UniqueIdentifier>
    </Filter>
    <Filter Include="Managers\StringManager">
      <UniqueIdentifier>{ae1dba16-ec86-4f86-86dc-c4805e8aa4fd}</UniqueIdentifier>
    </Filter>
    <Filter Include="Managers\UiManager\Stat">
      <UniqueIdentifier>{f734257e-9267-45c9-8259-91befb890236}</UniqueIdentifier>
    </Filter>
    <Filter Include="Managers\DropDataManager">
      <UniqueIdentifier>{23c02ff0-0cce-47ed-b81c-72583aefb335}</UniqueIdentifier>
    </Filter>
    <Filter Include="Components\MapObject\Npc">
      <UniqueIdentifier>{bb32e45f-8898-4d61-a11c-bb40d03b1ad5}</UniqueIdentifier>
    </Filter>
    <Filter Include="Managers\NpcManager">
      <UniqueIdentifier>{7ad52161-dfc8-46e7-b0ff-e21b27c903dc}</UniqueIdentifier>
    </Filter>
    <Filter Include="Managers\UiManager\NpcTalk">
      <UniqueIdentifier>{d795d108-ec84-4d5d-8733-96740444fa31}</UniqueIdentifier>
    </Filter>
    <Filter Include="Managers\QuestManager">
      <UniqueIdentifier>{95cc5623-d0fe-4697-a5fe-b0d799aea432}</UniqueIdentifier>
    </Filter>
    <Filter Include="Managers\QuestManager\Quest">
      <UniqueIdentifier>{aef1510b-c4ab-4e66-b033-0f3fd5278a6f}</UniqueIdentifier>
    </Filter>
    <Filter Include="Managers\QuestManager\Quest\SubInfo">
      <UniqueIdentifier>{b1e262d2-26b8-49a5-b5d7-0dff4d654c04}</UniqueIdentifier>
    </Filter>
    <Filter Include="Managers\UiManager\Shop">
      <UniqueIdentifier>{59e7a710-f2d2-4682-9076-23dee7c6242c}</UniqueIdentifier>
    </Filter>
    <Filter Include="Managers\ShopManager">
      <UniqueIdentifier>{28bbf4ae-24b7-4b36-92c5-8103a2fef0bb}</UniqueIdentifier>
    </Filter>
    <Filter Include="Managers\UiManager\DeadMessage">
      <UniqueIdentifier>{5e62f8da-82fe-46fc-9cc5-31d95d2c360f}</UniqueIdentifier>
    </Filter>
    <Filter Include="Components\MapObject\Player\Buff">
      <UniqueIdentifier>{7bf30ead-213d-4c62-8f83-87b53d2d0184}</UniqueIdentifier>
    </Filter>
    <Filter Include="Managers\SkillManager\BuffUi">
      <UniqueIdentifier>{43f5441e-5301-41e6-a89b-5b85845e191e}</UniqueIdentifier>
    </Filter>
    <Filter Include="Managers\UiManager\MobGage">
      <UniqueIdentifier>{6aad6758-c51f-4267-8d81-4aa1a1a66282}</UniqueIdentifier>
    </Filter>
    <Filter Include="Network">
      <UniqueIdentifier>{677d4a4c-7b04-413c-b00a-6e2568914d77}</UniqueIdentifier>
    </Filter>
    <Filter Include="Network\PacketHandlerManager">
      <UniqueIdentifier>{56fe518c-eac5-46d6-86e7-a0a6c1f1364e}</UniqueIdentifier>
    </Filter>
    <Filter Include="Network\PacketHandlers">
      <UniqueIdentifier>{7963be18-965f-43bb-99c6-abd0d4fd70ff}</UniqueIdentifier>
    </Filter>
    <Filter Include="Components\MapObject\Player\MoveParse">
      <UniqueIdentifier>{5a6979e6-d74f-4a82-8c41-6fffa844ef3c}</UniqueIdentifier>
    </Filter>
    <Filter Include="Managers\SoundManager">
      <UniqueIdentifier>{4c899348-33e6-4a6a-85d9-5ed977736d0a}</UniqueIdentifier>
    </Filter>
  </ItemGroup>
  <ItemGroup>
    <ClInclude Include="MainGame\main_game.h">
      <Filter>MainGame</Filter>
    </ClInclude>
    <ClInclude Include="PublicHeader\all_extern.h">
      <Filter>PublicHeader</Filter>
    </ClInclude>
    <ClInclude Include="framework.h">
      <Filter>Main</Filter>
    </ClInclude>
    <ClInclude Include="pch.h">
      <Filter>Main</Filter>
    </ClInclude>
    <ClInclude Include="portfolio_game.h">
      <Filter>Main</Filter>
    </ClInclude>
    <ClInclude Include="Resource.h">
      <Filter>Main</Filter>
    </ClInclude>
    <ClInclude Include="targetver.h">
      <Filter>Main</Filter>
    </ClInclude>
    <ClInclude Include="Managers\Skins\skin_manager.h">
      <Filter>Managers\Skins</Filter>
    </ClInclude>
    <ClInclude Include="Managers\Skins\skin_info.h">
      <Filter>Managers\Skins</Filter>
    </ClInclude>
    <ClInclude Include="PublicHeader\all_struct.h">
      <Filter>PublicHeader</Filter>
    </ClInclude>
    <ClInclude Include="Managers\Skins\skin_item.h">
      <Filter>Managers\Skins</Filter>
    </ClInclude>
    <ClInclude Include="Managers\Skins\skin_frame.h">
      <Filter>Managers\Skins</Filter>
    </ClInclude>
    <ClInclude Include="Components\Base\game_object.h">
      <Filter>Components\Base</Filter>
    </ClInclude>
    <ClInclude Include="Managers\KeyManaer\key_manager.h">
      <Filter>Managers\KeyManager</Filter>
    </ClInclude>
    <ClInclude Include="PublicHeader\all_enum.h">
      <Filter>PublicHeader</Filter>
    </ClInclude>
    <ClInclude Include="Managers\ScrollManager\scroll_manager.h">
      <Filter>Managers\ScrollManager</Filter>
    </ClInclude>
    <ClInclude Include="Components\MapObject\map_object_info.h">
      <Filter>Components\MapObject</Filter>
    </ClInclude>
    <ClInclude Include="Utility\xml_reader.h">
      <Filter>Utility</Filter>
    </ClInclude>
    <ClInclude Include="Components\MapObject\foot_hold.h">
      <Filter>Components\MapObject</Filter>
    </ClInclude>
    <ClInclude Include="Managers\MapManager\map_manager.h">
      <Filter>Managers\MapManager</Filter>
    </ClInclude>
    <ClInclude Include="Managers\Skins\skin_parts.h">
      <Filter>Managers\Skins</Filter>
    </ClInclude>
    <ClInclude Include="Managers\ScenManager\LoadingScene\loading_scene.h">
      <Filter>Managers\SceneManager\LoadingScene</Filter>
    </ClInclude>
    <ClInclude Include="Managers\ScenManager\LoginUiScene\login_ui_scene.h">
      <Filter>Managers\SceneManager\LoginUiScene</Filter>
    </ClInclude>
    <ClInclude Include="Managers\ScenManager\scene_manager.h">
      <Filter>Managers\SceneManager</Filter>
    </ClInclude>
    <ClInclude Include="Managers\ScenManager\scene.h">
      <Filter>Managers\SceneManager</Filter>
    </ClInclude>
    <ClInclude Include="Managers\ScenManager\InGameScene\in_game_scene.h">
      <Filter>Managers\SceneManager\InGameScene</Filter>
    </ClInclude>
    <ClInclude Include="Managers\UiManager\ui_manager.h">
      <Filter>Managers\UiManager</Filter>
    </ClInclude>
    <ClInclude Include="Managers\UiManager\ui_button.h">
      <Filter>Managers\UiManager</Filter>
    </ClInclude>
    <ClInclude Include="Components\game_mouse.h">
      <Filter>Components</Filter>
    </ClInclude>
    <ClInclude Include="Managers\MonsterMnager\monster_manager.h">
      <Filter>Managers\MonsterManager</Filter>
    </ClInclude>
    <ClInclude Include="Managers\MonsterMnager\monster_parts.h">
      <Filter>Managers\MonsterManager</Filter>
    </ClInclude>
    <ClInclude Include="Managers\MonsterMnager\monster_movement.h">
      <Filter>Managers\MonsterManager</Filter>
    </ClInclude>
    <ClInclude Include="Managers\EffectManager\effect_manager.h">
      <Filter>Managers\EffectManager</Filter>
    </ClInclude>
    <ClInclude Include="Components\MapObject\Player\player.h">
      <Filter>Components\MapObject\Player</Filter>
    </ClInclude>
    <ClInclude Include="Components\MapObject\Player\Damage\damage_info.h">
      <Filter>Components\MapObject\Player\Damage</Filter>
    </ClInclude>
    <ClInclude Include="Components\MapObject\Player\Damage\damage_handler.h">
      <Filter>Components\MapObject\Player\Damage</Filter>
    </ClInclude>
    <ClInclude Include="Components\MapObject\Monster\monster.h">
      <Filter>Components\MapObject\Monster</Filter>
    </ClInclude>
    <ClInclude Include="Components\MapObject\Monster\AiMovement\ai_movement.h">
      <Filter>Components\MapObject\Monster\AiMovement</Filter>
    </ClInclude>
    <ClInclude Include="Managers\MapManager\Map\map_instance.h">
      <Filter>Managers\MapManager\Map</Filter>
    </ClInclude>
    <ClInclude Include="Components\MapObject\ani_map_object.h">
      <Filter>Components\MapObject</Filter>
    </ClInclude>
    <ClInclude Include="Components\MapObject\portal.h">
      <Filter>Components\MapObject</Filter>
    </ClInclude>
    <ClInclude Include="Managers\UiManager\Skill\skill_window.h">
      <Filter>Managers\UiManager\Skill</Filter>
    </ClInclude>
    <ClInclude Include="Managers\UiManager\ui_tab_button.h">
      <Filter>Managers\UiManager</Filter>
    </ClInclude>
    <ClInclude Include="Managers\SkillManager\skill_manager.h">
      <Filter>Managers\SkillManager</Filter>
    </ClInclude>
    <ClInclude Include="Managers\SkillManager\Skill\skill.h">
      <Filter>Managers\SkillManager\Skill</Filter>
    </ClInclude>
    <ClInclude Include="Managers\SkillManager\Skill\skill_info.h">
      <Filter>Managers\SkillManager\Skill</Filter>
    </ClInclude>
    <ClInclude Include="Managers\SkillManager\Skill\skill_effect_image.h">
      <Filter>Managers\SkillManager\Skill</Filter>
    </ClInclude>
    <ClInclude Include="Utility\game_constants.h">
      <Filter>Utility</Filter>
    </ClInclude>
    <ClInclude Include="Managers\UiManager\UiScroll\ui_scroll.h">
      <Filter>Managers\UiManager\UiScroll</Filter>
    </ClInclude>
    <ClInclude Include="Managers\UiManager\QuickSlot\quick_slot.h">
      <Filter>Managers\UiManager\QuickSlot</Filter>
    </ClInclude>
    <ClInclude Include="Components\MapObject\Player\MagicAttack\magic_attack.h">
      <Filter>Components\MapObject\Player\MagicAttack</Filter>
    </ClInclude>
    <ClInclude Include="Components\MapObject\Monster\AttackInfo\attack_info.h">
      <Filter>Components\MapObject\Monster\AttackInfo</Filter>
    </ClInclude>
    <ClInclude Include="Components\MapObject\Monster\MonsterUtility\monster_frame_manager.h">
      <Filter>Components\MapObject\Monster\MonsterUtility</Filter>
    </ClInclude>
    <ClInclude Include="Managers\UiManager\Inventory\inventory_window.h">
      <Filter>Managers\UiManager\Inventory</Filter>
    </ClInclude>
    <ClInclude Include="Managers\UiManager\Base\base_window.h">
      <Filter>Managers\UiManager\Base</Filter>
    </ClInclude>
    <ClInclude Include="Components\MapObject\Player\Inventory\inventory.h">
      <Filter>Components\MapObject\Player\Inventory</Filter>
    </ClInclude>
    <ClInclude Include="Components\MapObject\Item\item.h">
      <Filter>Components\MapObject\Item</Filter>
    </ClInclude>
    <ClInclude Include="Managers\ItemManager\item_manager.h">
      <Filter>Managers\ItemManager</Filter>
    </ClInclude>
    <ClInclude Include="Components\MapObject\Player\Inventory\eqp_inventory.h">
      <Filter>Components\MapObject\Player\Inventory</Filter>
    </ClInclude>
    <ClInclude Include="Managers\UiManager\Equip\equipment_window.h">
      <Filter>Managers\UiManager\Equip</Filter>
    </ClInclude>
    <ClInclude Include="Components\MapObject\Player\Equip\equipment.h">
      <Filter>Components\MapObject\Player\Equip</Filter>
    </ClInclude>
    <ClInclude Include="Managers\UiManager\ToolTipUi\item_info_tool_tip.h">
      <Filter>Managers\UiManager\ToolTipUi</Filter>
    </ClInclude>
    <ClInclude Include="Managers\StringManager\string_manager.h">
      <Filter>Managers\StringManager</Filter>
    </ClInclude>
    <ClInclude Include="Managers\StringManager\string_Info.h">
      <Filter>Managers\StringManager</Filter>
    </ClInclude>
    <ClInclude Include="Managers\Skins\item_info.h">
      <Filter>Managers\Skins</Filter>
    </ClInclude>
    <ClInclude Include="Managers\UiManager\Stat\stat_window.h">
      <Filter>Managers\UiManager\Stat</Filter>
    </ClInclude>
    <ClInclude Include="Managers\DropDataManager\drop_data_manager.h">
      <Filter>Managers\DropDataManager</Filter>
    </ClInclude>
    <ClInclude Include="Managers\DropDataManager\drop_data_info.h">
      <Filter>Managers\DropDataManager</Filter>
    </ClInclude>
    <ClInclude Include="Components\MapObject\Npc\npc.h">
      <Filter>Components\MapObject\Npc</Filter>
    </ClInclude>
    <ClInclude Include="Managers\NpcManager\npc_manager.h">
      <Filter>Managers\NpcManager</Filter>
    </ClInclude>
    <ClInclude Include="Managers\UiManager\NpcTalk\npc_talk_window.h">
      <Filter>Managers\UiManager\NpcTalk</Filter>
    </ClInclude>
    <ClInclude Include="Managers\QuestManager\quest_manager.h">
      <Filter>Managers\QuestManager</Filter>
    </ClInclude>
    <ClInclude Include="Managers\QuestManager\Quest\quest_info.h">
      <Filter>Managers\QuestManager\Quest</Filter>
    </ClInclude>
    <ClInclude Include="Managers\QuestManager\Quest\SubInfo\quest_say.h">
      <Filter>Managers\QuestManager\Quest\SubInfo</Filter>
    </ClInclude>
    <ClInclude Include="Managers\QuestManager\Quest\SubInfo\quest_check.h">
      <Filter>Managers\QuestManager\Quest\SubInfo</Filter>
    </ClInclude>
    <ClInclude Include="Managers\QuestManager\Quest\SubInfo\quest_reward.h">
      <Filter>Managers\QuestManager\Quest\SubInfo</Filter>
    </ClInclude>
    <ClInclude Include="Managers\UiManager\Shop\shop_window.h">
      <Filter>Managers\UiManager\Shop</Filter>
    </ClInclude>
    <ClInclude Include="Managers\ShopManager\shop_manager.h">
      <Filter>Managers\ShopManager</Filter>
    </ClInclude>
    <ClInclude Include="Managers\ShopManager\shop_item.h">
      <Filter>Managers\ShopManager</Filter>
    </ClInclude>
    <ClInclude Include="Managers\UiManager\DeadMessage\dead_message.h">
      <Filter>Managers\UiManager\DeadMessage</Filter>
    </ClInclude>
    <ClInclude Include="Managers\EffectManager\effect_info.h">
      <Filter>Managers\EffectManager</Filter>
    </ClInclude>
    <ClInclude Include="Managers\EffectManager\effect_parts.h">
      <Filter>Managers\EffectManager</Filter>
    </ClInclude>
    <ClInclude Include="Components\MapObject\Player\Buff\buffstat.h">
      <Filter>Components\MapObject\Player\Buff</Filter>
    </ClInclude>
    <ClInclude Include="Managers\SkillManager\BuffUi\buff_ui.h">
      <Filter>Managers\SkillManager\BuffUi</Filter>
    </ClInclude>
    <ClInclude Include="Managers\StringManager\skill_string_info.h">
      <Filter>Managers\StringManager</Filter>
    </ClInclude>
    <ClInclude Include="Managers\UiManager\MobGage\mob_gage.h">
      <Filter>Managers\UiManager\MobGage</Filter>
    </ClInclude>
    <ClInclude Include="Network\client_session.h">
      <Filter>Network</Filter>
    </ClInclude>
    <ClInclude Include="Network\PacketHandlerManager\client_packet_handler_manager.h">
      <Filter>Network\PacketHandlerManager</Filter>
    </ClInclude>
    <ClInclude Include="Network\PacketHandlerManager\client_packet_handler.h">
      <Filter>Network\PacketHandlerManager</Filter>
    </ClInclude>
    <ClInclude Include="Network\PacketHandlers\login_packet_handler.h">
      <Filter>Network\PacketHandlers</Filter>
    </ClInclude>
    <ClInclude Include="Network\PacketHandlers\character_info_packet_handler.h">
      <Filter>Network\PacketHandlers</Filter>
    </ClInclude>
    <ClInclude Include="Network\PacketHandlers\spawn_player_packet_handelr.h">
      <Filter>Network\PacketHandlers</Filter>
    </ClInclude>
    <ClInclude Include="Network\PacketHandlers\move_player_packet_handler.h">
      <Filter>Network\PacketHandlers</Filter>
    </ClInclude>
    <ClInclude Include="Network\packet_creator.h">
      <Filter>Network</Filter>
    </ClInclude>
    <ClInclude Include="Components\MapObject\Player\MoveParse\move_parse.h">
      <Filter>Components\MapObject\Player\MoveParse</Filter>
    </ClInclude>
    <ClInclude Include="Network\PacketHandlers\remove_character_packet_handler.h">
      <Filter>Network\PacketHandlers</Filter>
    </ClInclude>
    <ClInclude Include="Managers\SoundManager\sound_manager.h">
      <Filter>Managers\SoundManager</Filter>
    </ClInclude>
  </ItemGroup>
  <ItemGroup>
    <ClCompile Include="MainGame\main_game.cpp">
      <Filter>MainGame</Filter>
    </ClCompile>
    <ClCompile Include="pch.cpp">
      <Filter>Main</Filter>
    </ClCompile>
    <ClCompile Include="portfolio_game.cpp">
      <Filter>Main</Filter>
    </ClCompile>
    <ClCompile Include="Managers\Skins\skin_manager.cpp">
      <Filter>Managers\Skins</Filter>
    </ClCompile>
    <ClCompile Include="Managers\Skins\skin_info.cpp">
      <Filter>Managers\Skins</Filter>
    </ClCompile>
    <ClCompile Include="Managers\Skins\skin_item.cpp">
      <Filter>Managers\Skins</Filter>
    </ClCompile>
    <ClCompile Include="Managers\Skins\skin_frame.cpp">
      <Filter>Managers\Skins</Filter>
    </ClCompile>
    <ClCompile Include="Components\Base\game_object.cpp">
      <Filter>Components\Base</Filter>
    </ClCompile>
    <ClCompile Include="Managers\KeyManaer\key_manager.cpp">
      <Filter>Managers\KeyManager</Filter>
    </ClCompile>
    <ClCompile Include="Managers\ScrollManager\scroll_manager.cpp">
      <Filter>Managers\ScrollManager</Filter>
    </ClCompile>
    <ClCompile Include="Components\MapObject\map_object_info.cpp">
      <Filter>Components\MapObject</Filter>
    </ClCompile>
    <ClCompile Include="Utility\xml_reader.cpp">
      <Filter>Utility</Filter>
    </ClCompile>
    <ClCompile Include="Components\MapObject\foot_hold.cpp">
      <Filter>Components\MapObject</Filter>
    </ClCompile>
    <ClCompile Include="Managers\MapManager\map_manager.cpp">
      <Filter>Managers\MapManager</Filter>
    </ClCompile>
    <ClCompile Include="Managers\Skins\skin_parts.cpp">
      <Filter>Managers\Skins</Filter>
    </ClCompile>
    <ClCompile Include="Managers\ScenManager\LoadingScene\loading_scene.cpp">
      <Filter>Managers\SceneManager\LoadingScene</Filter>
    </ClCompile>
    <ClCompile Include="Managers\ScenManager\LoginUiScene\login_ui_scene.cpp">
      <Filter>Managers\SceneManager\LoginUiScene</Filter>
    </ClCompile>
    <ClCompile Include="Managers\ScenManager\scene_manager.cpp">
      <Filter>Managers\SceneManager</Filter>
    </ClCompile>
    <ClCompile Include="Managers\ScenManager\scene.cpp">
      <Filter>Managers\SceneManager</Filter>
    </ClCompile>
    <ClCompile Include="Managers\ScenManager\InGameScene\in_game_scene.cpp">
      <Filter>Managers\SceneManager\InGameScene</Filter>
    </ClCompile>
    <ClCompile Include="Managers\UiManager\ui_manager.cpp">
      <Filter>Managers\UiManager</Filter>
    </ClCompile>
    <ClCompile Include="Managers\UiManager\ui_button.cpp">
      <Filter>Managers\UiManager</Filter>
    </ClCompile>
    <ClCompile Include="Components\game_mouse.cpp">
      <Filter>Components</Filter>
    </ClCompile>
    <ClCompile Include="Managers\MonsterMnager\monster_manager.cpp">
      <Filter>Managers\MonsterManager</Filter>
    </ClCompile>
    <ClCompile Include="Managers\MonsterMnager\monster_parts.cpp">
      <Filter>Managers\MonsterManager</Filter>
    </ClCompile>
    <ClCompile Include="Managers\MonsterMnager\monster_movement.cpp">
      <Filter>Managers\MonsterManager</Filter>
    </ClCompile>
    <ClCompile Include="Managers\EffectManager\effect_manager.cpp">
      <Filter>Managers\EffectManager</Filter>
    </ClCompile>
    <ClCompile Include="Components\MapObject\Player\player.cpp">
      <Filter>Components\MapObject\Player</Filter>
    </ClCompile>
    <ClCompile Include="Components\MapObject\Player\Damage\damage_handler.cpp">
      <Filter>Components\MapObject\Player\Damage</Filter>
    </ClCompile>
    <ClCompile Include="Components\MapObject\Player\Damage\damage_info.cpp">
      <Filter>Components\MapObject\Player\Damage</Filter>
    </ClCompile>
    <ClCompile Include="Components\MapObject\Monster\monster.cpp">
      <Filter>Components\MapObject\Monster</Filter>
    </ClCompile>
    <ClCompile Include="Components\MapObject\Monster\AiMovement\ai_movement.cpp">
      <Filter>Components\MapObject\Monster\AiMovement</Filter>
    </ClCompile>
    <ClCompile Include="Managers\MapManager\Map\map_instance.cpp">
      <Filter>Managers\MapManager\Map</Filter>
    </ClCompile>
    <ClCompile Include="Components\MapObject\ani_map_object.cpp">
      <Filter>Components\MapObject</Filter>
    </ClCompile>
    <ClCompile Include="Components\MapObject\portal.cpp">
      <Filter>Components\MapObject</Filter>
    </ClCompile>
    <ClCompile Include="Managers\UiManager\Skill\skill_window.cpp">
      <Filter>Managers\UiManager\Skill</Filter>
    </ClCompile>
    <ClCompile Include="Managers\UiManager\ui_tab_button.cpp">
      <Filter>Managers\UiManager</Filter>
    </ClCompile>
    <ClCompile Include="Managers\SkillManager\skill_manager.cpp">
      <Filter>Managers\SkillManager</Filter>
    </ClCompile>
    <ClCompile Include="Managers\SkillManager\Skill\skill.cpp">
      <Filter>Managers\SkillManager\Skill</Filter>
    </ClCompile>
    <ClCompile Include="Managers\SkillManager\Skill\skill_info.cpp">
      <Filter>Managers\SkillManager\Skill</Filter>
    </ClCompile>
    <ClCompile Include="Managers\SkillManager\Skill\skill_effect_image.cpp">
      <Filter>Managers\SkillManager\Skill</Filter>
    </ClCompile>
    <ClCompile Include="Utility\game_constants.cpp">
      <Filter>Utility</Filter>
    </ClCompile>
    <ClCompile Include="Managers\UiManager\UiScroll\ui_scroll.cpp">
      <Filter>Managers\UiManager\UiScroll</Filter>
    </ClCompile>
    <ClCompile Include="Managers\UiManager\QuickSlot\quick_slot.cpp">
      <Filter>Managers\UiManager\QuickSlot</Filter>
    </ClCompile>
    <ClCompile Include="Components\MapObject\Player\MagicAttack\magic_attack.cpp">
      <Filter>Components\MapObject\Player\MagicAttack</Filter>
    </ClCompile>
    <ClCompile Include="Components\MapObject\Monster\AttackInfo\attack_info.cpp">
      <Filter>Components\MapObject\Monster\AttackInfo</Filter>
    </ClCompile>
    <ClCompile Include="Components\MapObject\Monster\MonsterUtility\monster_frame_manager.cpp">
      <Filter>Components\MapObject\Monster\MonsterUtility</Filter>
    </ClCompile>
    <ClCompile Include="Managers\UiManager\Inventory\inventory_window.cpp">
      <Filter>Managers\UiManager\Inventory</Filter>
    </ClCompile>
    <ClCompile Include="Managers\UiManager\Base\base_window.cpp">
      <Filter>Managers\UiManager\Base</Filter>
    </ClCompile>
    <ClCompile Include="Components\MapObject\Player\Inventory\inventory.cpp">
      <Filter>Components\MapObject\Player\Inventory</Filter>
    </ClCompile>
    <ClCompile Include="Components\MapObject\Item\item.cpp">
      <Filter>Components\MapObject\Item</Filter>
    </ClCompile>
    <ClCompile Include="Managers\ItemManager\item_manager.cpp">
      <Filter>Managers\ItemManager</Filter>
    </ClCompile>
    <ClCompile Include="Components\MapObject\Player\Inventory\eqp_inventory.cpp">
      <Filter>Components\MapObject\Player\Inventory</Filter>
    </ClCompile>
    <ClCompile Include="Managers\UiManager\Equip\equipment_window.cpp">
      <Filter>Managers\UiManager\Equip</Filter>
    </ClCompile>
    <ClCompile Include="Components\MapObject\Player\Equip\equipment.cpp">
      <Filter>Components\MapObject\Player\Equip</Filter>
    </ClCompile>
    <ClCompile Include="Managers\UiManager\ToolTipUi\item_info_tool_tip.cpp">
      <Filter>Managers\UiManager\ToolTipUi</Filter>
    </ClCompile>
    <ClCompile Include="Managers\StringManager\string_manager.cpp">
      <Filter>Managers\StringManager</Filter>
    </ClCompile>
    <ClCompile Include="Managers\StringManager\string_Info.cpp">
      <Filter>Managers\StringManager</Filter>
    </ClCompile>
    <ClCompile Include="Managers\Skins\item_info.cpp">
      <Filter>Managers\Skins</Filter>
    </ClCompile>
    <ClCompile Include="Managers\UiManager\Stat\stat_window.cpp">
      <Filter>Managers\UiManager\Stat</Filter>
    </ClCompile>
    <ClCompile Include="Managers\DropDataManager\drop_data_manager.cpp">
      <Filter>Managers\DropDataManager</Filter>
    </ClCompile>
    <ClCompile Include="Managers\DropDataManager\drop_data_info.cpp">
      <Filter>Managers\DropDataManager</Filter>
    </ClCompile>
    <ClCompile Include="Components\MapObject\Npc\npc.cpp">
      <Filter>Components\MapObject\Npc</Filter>
    </ClCompile>
    <ClCompile Include="Managers\NpcManager\npc_manager.cpp">
      <Filter>Managers\NpcManager</Filter>
    </ClCompile>
    <ClCompile Include="Managers\UiManager\NpcTalk\npc_talk_window.cpp">
      <Filter>Managers\UiManager\NpcTalk</Filter>
    </ClCompile>
    <ClCompile Include="Managers\QuestManager\quest_manager.cpp">
      <Filter>Managers\QuestManager</Filter>
    </ClCompile>
    <ClCompile Include="Managers\QuestManager\Quest\quest_info.cpp">
      <Filter>Managers\QuestManager\Quest</Filter>
    </ClCompile>
    <ClCompile Include="Managers\QuestManager\Quest\SubInfo\quest_say.cpp">
      <Filter>Managers\QuestManager\Quest\SubInfo</Filter>
    </ClCompile>
    <ClCompile Include="Managers\QuestManager\Quest\SubInfo\quest_check.cpp">
      <Filter>Managers\QuestManager\Quest\SubInfo</Filter>
    </ClCompile>
    <ClCompile Include="Managers\QuestManager\Quest\SubInfo\quest_reward.cpp">
      <Filter>Managers\QuestManager\Quest\SubInfo</Filter>
    </ClCompile>
    <ClCompile Include="Managers\UiManager\Shop\shop_window.cpp">
      <Filter>Managers\UiManager\Shop</Filter>
    </ClCompile>
    <ClCompile Include="Managers\ShopManager\shop_manager.cpp">
      <Filter>Managers\ShopManager</Filter>
    </ClCompile>
    <ClCompile Include="Managers\ShopManager\shop_item.cpp">
      <Filter>Managers\ShopManager</Filter>
    </ClCompile>
    <ClCompile Include="Managers\UiManager\DeadMessage\dead_message.cpp">
      <Filter>Managers\UiManager\DeadMessage</Filter>
    </ClCompile>
    <ClCompile Include="Managers\EffectManager\effect_info.cpp">
      <Filter>Managers\EffectManager</Filter>
    </ClCompile>
    <ClCompile Include="Managers\EffectManager\effect_parts.cpp">
      <Filter>Managers\EffectManager</Filter>
    </ClCompile>
    <ClCompile Include="Components\MapObject\Player\Buff\buffstat.cpp">
      <Filter>Components\MapObject\Player\Buff</Filter>
    </ClCompile>
    <ClCompile Include="Managers\SkillManager\BuffUi\buff_ui.cpp">
      <Filter>Managers\SkillManager\BuffUi</Filter>
    </ClCompile>
    <ClCompile Include="Managers\StringManager\skill_string_info.cpp">
      <Filter>Managers\StringManager</Filter>
    </ClCompile>
    <ClCompile Include="Managers\UiManager\MobGage\mob_gage.cpp">
      <Filter>Managers\UiManager\MobGage</Filter>
    </ClCompile>
    <ClCompile Include="Network\client_session.cpp">
      <Filter>Network</Filter>
    </ClCompile>
    <ClCompile Include="Network\PacketHandlerManager\client_packet_handler_manager.cpp">
      <Filter>Network\PacketHandlerManager</Filter>
    </ClCompile>
    <ClCompile Include="Network\PacketHandlers\login_packet_handler.cpp">
      <Filter>Network\PacketHandlers</Filter>
    </ClCompile>
    <ClCompile Include="Network\PacketHandlers\character_info_packet_handler.cpp">
      <Filter>Network\PacketHandlers</Filter>
    </ClCompile>
    <ClCompile Include="Network\PacketHandlers\spawn_player_packet_handelr.cpp">
      <Filter>Network\PacketHandlers</Filter>
    </ClCompile>
    <ClCompile Include="Network\PacketHandlers\move_player_packet_handler.cpp">
      <Filter>Network\PacketHandlers</Filter>
    </ClCompile>
    <ClCompile Include="Network\packet_creator.cpp">
      <Filter>Network</Filter>
    </ClCompile>
    <ClCompile Include="Components\MapObject\Player\MoveParse\move_parse.cpp">
      <Filter>Components\MapObject\Player\MoveParse</Filter>
    </ClCompile>
    <ClCompile Include="Network\PacketHandlers\remove_character_packet_handler.cpp">
      <Filter>Network\PacketHandlers</Filter>
    </ClCompile>
    <ClCompile Include="Managers\SoundManager\sound_manager.cpp">
      <Filter>Managers\SoundManager</Filter>
    </ClCompile>
  </ItemGroup>
  <ItemGroup>
    <ResourceCompile Include="PortfolioGame.rc">
      <Filter>리소스 파일</Filter>
    </ResourceCompile>
  </ItemGroup>
  <ItemGroup>
    <Image Include="small.ico">
      <Filter>리소스 파일</Filter>
    </Image>
    <Image Include="PortfolioGame.ico">
      <Filter>리소스 파일</Filter>
    </Image>
  </ItemGroup>
</Project>