<?xml version="1.0" encoding="utf-8"?>
<Project ToolsVersion="4.0" xmlns="http://schemas.microsoft.com/developer/msbuild/2003">
  <ItemGroup>
    <Filter Include="리소스 파일">
      <UniqueIdentifier>{67DA6AB6-F800-4c08-8B7A-83BB121AAD01}</UniqueIdentifier>
      <Extensions>rc;ico;cur;bmp;dlg;rc2;rct;bin;rgs;gif;jpg;jpeg;jpe;resx;tiff;tif;png;wav;mfcribbon-ms</Extensions>
    </Filter>
    <Filter Include="MainGame">
      <UniqueIdentifier>{559245c8-e057-487f-a0ae-ed8c30cb5188}</UniqueIdentifier>
    </Filter>
    <Filter Include="Managers">
      <UniqueIdentifier>{62e8cabf-a15a-4e3f-8ad2-360482d9db3f}</UniqueIdentifier>
    </Filter>
    <Filter Include="Components">
      <UniqueIdentifier>{5c44c6f6-9452-47c4-a9cf-dc88ecaabeeb}</UniqueIdentifier>
    </Filter>
    <Filter Include="PublicHeader">
      <UniqueIdentifier>{25c7a9db-9116-48ae-8539-80df9d34ac0b}</UniqueIdentifier>
    </Filter>
    <Filter Include="Main">
      <UniqueIdentifier>{f7a1755b-e351-46b6-a122-a560db092044}</UniqueIdentifier>
    </Filter>
    <Filter Include="Managers\Skins">
      <UniqueIdentifier>{d97bfbff-6eac-47c5-9753-8deef7df0673}</UniqueIdentifier>
    </Filter>
    <Filter Include="Components\Base">
      <UniqueIdentifier>{9b400fe5-7f8b-4fe5-849a-d7104d6a3ce9}</UniqueIdentifier>
    </Filter>
    <Filter Include="Managers\KeyManager">
      <UniqueIdentifier>{1c5394ad-6dc7-4709-85b5-7e71616f4b59}</UniqueIdentifier>
    </Filter>
    <Filter Include="Managers\ScrollManager">
      <UniqueIdentifier>{e79dc335-e164-42b5-80c6-d773288decb9}</UniqueIdentifier>
    </Filter>
    <Filter Include="Components\MapObject">
      <UniqueIdentifier>{ccc44f16-506e-4db2-bdbc-ac0a6bd158ec}</UniqueIdentifier>
    </Filter>
    <Filter Include="Utility">
      <UniqueIdentifier>{b25567e9-5141-4b5a-922c-836777416b4a}</UniqueIdentifier>
    </Filter>
    <Filter Include="Managers\MapManager">
      <UniqueIdentifier>{b740a3f5-1687-4830-9686-092651cb1a8e}</UniqueIdentifier>
    </Filter>
    <Filter Include="Managers\SceneManager">
      <UniqueIdentifier>{cbe749a1-1d85-47c0-a2d7-439f73271813}</UniqueIdentifier>
    </Filter>
    <Filter Include="Managers\SceneManager\LoadingScene">
      <UniqueIdentifier>{9fa7cd2c-a036-466d-9fbf-587cea8701b9}</UniqueIdentifier>
    </Filter>
    <Filter Include="Managers\SceneManager\LoginUiScene">
      <UniqueIdentifier>{a798b101-b6e5-47f1-8794-3bd275351119}</UniqueIdentifier>
    </Filter>
    <Filter Include="Managers\SceneManager\InGameScene">
      <UniqueIdentifier>{2e28a9c7-1841-4f26-a6ba-82b7db1accf2}</UniqueIdentifier>
    </Filter>
    <Filter Include="Managers\UiManager">
      <UniqueIdentifier>{aaa0c587-dba8-4d82-aa49-0fe1b298a1d0}</UniqueIdentifier>
    </Filter>
    <Filter Include="Managers\MonsterManager">
      <UniqueIdentifier>{2210b790-f69f-403e-90ba-015825be84a8}</UniqueIdentifier>
    </Filter>
    <Filter Include="Managers\EffectManager">
      <UniqueIdentifier>{e03648d7-fa60-4fc6-a504-46ebc2fe73aa}</UniqueIdentifier>
    </Filter>
    <Filter Include="Components\MapObject\Player">
      <UniqueIdentifier>{d95853bf-9f51-41a7-ad92-036486838819}</UniqueIdentifier>
    </Filter>
    <Filter Include="Components\MapObject\Player\Damage">
      <UniqueIdentifier>{3c04bafa-2cae-40d1-bfd9-dd84bf12335e}</UniqueIdentifier>
    </Filter>
    <Filter Include="Components\MapObject\Monster">
      <UniqueIdentifier>{dcea4126-f785-4e77-ad27-57f04c368e71}</UniqueIdentifier>
    </Filter>
    <Filter Include="Components\MapObject\Monster\AiMovement">
      <UniqueIdentifier>{a7e206f1-a62a-456f-a84e-dbd4dadaf54d}</UniqueIdentifier>
    </Filter>
  </ItemGroup>
  <ItemGroup>
    <ClInclude Include="MainGame\main_game.h">
      <Filter>MainGame</Filter>
    </ClInclude>
    <ClInclude Include="PublicHeader\all_extern.h">
      <Filter>PublicHeader</Filter>
    </ClInclude>
    <ClInclude Include="framework.h">
      <Filter>Main</Filter>
    </ClInclude>
    <ClInclude Include="pch.h">
      <Filter>Main</Filter>
    </ClInclude>
    <ClInclude Include="portfolio_game.h">
      <Filter>Main</Filter>
    </ClInclude>
    <ClInclude Include="Resource.h">
      <Filter>Main</Filter>
    </ClInclude>
    <ClInclude Include="targetver.h">
      <Filter>Main</Filter>
    </ClInclude>
    <ClInclude Include="Managers\Skins\skin_manager.h">
      <Filter>Managers\Skins</Filter>
    </ClInclude>
    <ClInclude Include="Managers\Skins\skin_info.h">
      <Filter>Managers\Skins</Filter>
    </ClInclude>
    <ClInclude Include="PublicHeader\all_struct.h">
      <Filter>PublicHeader</Filter>
    </ClInclude>
    <ClInclude Include="Managers\Skins\skin_item.h">
      <Filter>Managers\Skins</Filter>
    </ClInclude>
    <ClInclude Include="Managers\Skins\skin_frame.h">
      <Filter>Managers\Skins</Filter>
    </ClInclude>
    <ClInclude Include="Components\Base\game_object.h">
      <Filter>Components\Base</Filter>
    </ClInclude>
    <ClInclude Include="Managers\KeyManaer\key_manager.h">
      <Filter>Managers\KeyManager</Filter>
    </ClInclude>
    <ClInclude Include="PublicHeader\all_enum.h">
      <Filter>PublicHeader</Filter>
    </ClInclude>
    <ClInclude Include="Managers\ScrollManager\scroll_manager.h">
      <Filter>Managers\ScrollManager</Filter>
    </ClInclude>
    <ClInclude Include="Components\MapObject\map_object_info.h">
      <Filter>Components\MapObject</Filter>
    </ClInclude>
    <ClInclude Include="Utility\xml_reader.h">
      <Filter>Utility</Filter>
    </ClInclude>
    <ClInclude Include="Components\MapObject\foot_hold.h">
      <Filter>Components\MapObject</Filter>
    </ClInclude>
    <ClInclude Include="Managers\MapManager\map_manager.h">
      <Filter>Managers\MapManager</Filter>
    </ClInclude>
    <ClInclude Include="Managers\Skins\skin_parts.h">
      <Filter>Managers\Skins</Filter>
    </ClInclude>
    <ClInclude Include="Managers\ScenManager\LoadingScene\loading_scene.h">
      <Filter>Managers\SceneManager\LoadingScene</Filter>
    </ClInclude>
    <ClInclude Include="Managers\ScenManager\LoginUiScene\login_ui_scene.h">
      <Filter>Managers\SceneManager\LoginUiScene</Filter>
    </ClInclude>
    <ClInclude Include="Managers\ScenManager\scene_manager.h">
      <Filter>Managers\SceneManager</Filter>
    </ClInclude>
    <ClInclude Include="Managers\ScenManager\scene.h">
      <Filter>Managers\SceneManager</Filter>
    </ClInclude>
    <ClInclude Include="Managers\ScenManager\InGameScene\in_game_scene.h">
      <Filter>Managers\SceneManager\InGameScene</Filter>
    </ClInclude>
    <ClInclude Include="Managers\UiManager\ui_manager.h">
      <Filter>Managers\UiManager</Filter>
    </ClInclude>
    <ClInclude Include="Managers\UiManager\ui_button.h">
      <Filter>Managers\UiManager</Filter>
    </ClInclude>
    <ClInclude Include="Components\game_mouse.h">
      <Filter>Components</Filter>
    </ClInclude>
    <ClInclude Include="Managers\MonsterMnager\monster_manager.h">
      <Filter>Managers\MonsterManager</Filter>
    </ClInclude>
    <ClInclude Include="Managers\MonsterMnager\monster_parts.h">
      <Filter>Managers\MonsterManager</Filter>
    </ClInclude>
    <ClInclude Include="Managers\MonsterMnager\monster_movement.h">
      <Filter>Managers\MonsterManager</Filter>
    </ClInclude>
    <ClInclude Include="Managers\EffectManager\effect_manager.h">
      <Filter>Managers\EffectManager</Filter>
    </ClInclude>
    <ClInclude Include="Components\MapObject\Player\player.h">
      <Filter>Components\MapObject\Player</Filter>
    </ClInclude>
    <ClInclude Include="Components\MapObject\Player\Damage\damage_info.h">
      <Filter>Components\MapObject\Player\Damage</Filter>
    </ClInclude>
    <ClInclude Include="Components\MapObject\Player\Damage\damage_handler.h">
      <Filter>Components\MapObject\Player\Damage</Filter>
    </ClInclude>
    <ClInclude Include="Components\MapObject\Monster\monster.h">
      <Filter>Components\MapObject\Monster</Filter>
    </ClInclude>
    <ClInclude Include="Components\MapObject\Monster\AiMovement\ai_movement.h">
      <Filter>Components\MapObject\Monster\AiMovement</Filter>
    </ClInclude>
  </ItemGroup>
  <ItemGroup>
    <ClCompile Include="MainGame\main_game.cpp">
      <Filter>MainGame</Filter>
    </ClCompile>
    <ClCompile Include="pch.cpp">
      <Filter>Main</Filter>
    </ClCompile>
    <ClCompile Include="portfolio_game.cpp">
      <Filter>Main</Filter>
    </ClCompile>
    <ClCompile Include="Managers\Skins\skin_manager.cpp">
      <Filter>Managers\Skins</Filter>
    </ClCompile>
    <ClCompile Include="Managers\Skins\skin_info.cpp">
      <Filter>Managers\Skins</Filter>
    </ClCompile>
    <ClCompile Include="Managers\Skins\skin_item.cpp">
      <Filter>Managers\Skins</Filter>
    </ClCompile>
    <ClCompile Include="Managers\Skins\skin_frame.cpp">
      <Filter>Managers\Skins</Filter>
    </ClCompile>
    <ClCompile Include="Components\Base\game_object.cpp">
      <Filter>Components\Base</Filter>
    </ClCompile>
    <ClCompile Include="Managers\KeyManaer\key_manager.cpp">
      <Filter>Managers\KeyManager</Filter>
    </ClCompile>
    <ClCompile Include="Managers\ScrollManager\scroll_manager.cpp">
      <Filter>Managers\ScrollManager</Filter>
    </ClCompile>
    <ClCompile Include="Components\MapObject\map_object_info.cpp">
      <Filter>Components\MapObject</Filter>
    </ClCompile>
    <ClCompile Include="Utility\xml_reader.cpp">
      <Filter>Utility</Filter>
    </ClCompile>
    <ClCompile Include="Components\MapObject\foot_hold.cpp">
      <Filter>Components\MapObject</Filter>
    </ClCompile>
    <ClCompile Include="Managers\MapManager\map_manager.cpp">
      <Filter>Managers\MapManager</Filter>
    </ClCompile>
    <ClCompile Include="Managers\Skins\skin_parts.cpp">
      <Filter>Managers\Skins</Filter>
    </ClCompile>
    <ClCompile Include="Managers\ScenManager\LoadingScene\loading_scene.cpp">
      <Filter>Managers\SceneManager\LoadingScene</Filter>
    </ClCompile>
    <ClCompile Include="Managers\ScenManager\LoginUiScene\login_ui_scene.cpp">
      <Filter>Managers\SceneManager\LoginUiScene</Filter>
    </ClCompile>
    <ClCompile Include="Managers\ScenManager\scene_manager.cpp">
      <Filter>Managers\SceneManager</Filter>
    </ClCompile>
    <ClCompile Include="Managers\ScenManager\scene.cpp">
      <Filter>Managers\SceneManager</Filter>
    </ClCompile>
    <ClCompile Include="Managers\ScenManager\InGameScene\in_game_scene.cpp">
      <Filter>Managers\SceneManager\InGameScene</Filter>
    </ClCompile>
    <ClCompile Include="Managers\UiManager\ui_manager.cpp">
      <Filter>Managers\UiManager</Filter>
    </ClCompile>
    <ClCompile Include="Managers\UiManager\ui_button.cpp">
      <Filter>Managers\UiManager</Filter>
    </ClCompile>
    <ClCompile Include="Components\game_mouse.cpp">
      <Filter>Components</Filter>
    </ClCompile>
    <ClCompile Include="Managers\MonsterMnager\monster_manager.cpp">
      <Filter>Managers\MonsterManager</Filter>
    </ClCompile>
    <ClCompile Include="Managers\MonsterMnager\monster_parts.cpp">
      <Filter>Managers\MonsterManager</Filter>
    </ClCompile>
    <ClCompile Include="Managers\MonsterMnager\monster_movement.cpp">
      <Filter>Managers\MonsterManager</Filter>
    </ClCompile>
    <ClCompile Include="Managers\EffectManager\effect_manager.cpp">
      <Filter>Managers\EffectManager</Filter>
    </ClCompile>
    <ClCompile Include="Components\MapObject\Player\player.cpp">
      <Filter>Components\MapObject\Player</Filter>
    </ClCompile>
    <ClCompile Include="Components\MapObject\Player\Damage\damage_handler.cpp">
      <Filter>Components\MapObject\Player\Damage</Filter>
    </ClCompile>
    <ClCompile Include="Components\MapObject\Player\Damage\damage_info.cpp">
      <Filter>Components\MapObject\Player\Damage</Filter>
    </ClCompile>
    <ClCompile Include="Components\MapObject\Monster\monster.cpp">
      <Filter>Components\MapObject\Monster</Filter>
    </ClCompile>
    <ClCompile Include="Components\MapObject\Monster\AiMovement\ai_movement.cpp">
      <Filter>Components\MapObject\Monster\AiMovement</Filter>
    </ClCompile>
  </ItemGroup>
  <ItemGroup>
    <ResourceCompile Include="PortfolioGame.rc">
      <Filter>리소스 파일</Filter>
    </ResourceCompile>
  </ItemGroup>
  <ItemGroup>
    <Image Include="small.ico">
      <Filter>리소스 파일</Filter>
    </Image>
    <Image Include="PortfolioGame.ico">
      <Filter>리소스 파일</Filter>
    </Image>
  </ItemGroup>
</Project>